// !$*UTF8*$!
{
	archiveVersion = 1;
	classes = {
	};
	objectVersion = 46;
	objects = {

/* Begin PBXBuildFile section */
		A1664B3519865D7300CD5D8F /* Foundation.framework in Frameworks */ = {isa = PBXBuildFile; fileRef = A1664B3419865D7300CD5D8F /* Foundation.framework */; };
		A1664B3719865D7300CD5D8F /* CoreGraphics.framework in Frameworks */ = {isa = PBXBuildFile; fileRef = A1664B3619865D7300CD5D8F /* CoreGraphics.framework */; };
		A1664B3919865D7300CD5D8F /* UIKit.framework in Frameworks */ = {isa = PBXBuildFile; fileRef = A1664B3819865D7300CD5D8F /* UIKit.framework */; };
		A1664B3B19865D7300CD5D8F /* CoreData.framework in Frameworks */ = {isa = PBXBuildFile; fileRef = A1664B3A19865D7300CD5D8F /* CoreData.framework */; };
		A1664B4119865D7300CD5D8F /* InfoPlist.strings in Resources */ = {isa = PBXBuildFile; fileRef = A1664B3F19865D7300CD5D8F /* InfoPlist.strings */; };
		A1664B4319865D7300CD5D8F /* main.m in Sources */ = {isa = PBXBuildFile; fileRef = A1664B4219865D7300CD5D8F /* main.m */; };
		A1664B4719865D7300CD5D8F /* ge_luka_codexAppDelegate.m in Sources */ = {isa = PBXBuildFile; fileRef = A1664B4619865D7300CD5D8F /* ge_luka_codexAppDelegate.m */; };
		A1664B4A19865D7300CD5D8F /* codex.xcdatamodeld in Sources */ = {isa = PBXBuildFile; fileRef = A1664B4819865D7300CD5D8F /* codex.xcdatamodeld */; };
		A1664B4C19865D7300CD5D8F /* Images.xcassets in Resources */ = {isa = PBXBuildFile; fileRef = A1664B4B19865D7300CD5D8F /* Images.xcassets */; };
		A1664B5319865D7300CD5D8F /* XCTest.framework in Frameworks */ = {isa = PBXBuildFile; fileRef = A1664B5219865D7300CD5D8F /* XCTest.framework */; };
		A1664B5419865D7300CD5D8F /* Foundation.framework in Frameworks */ = {isa = PBXBuildFile; fileRef = A1664B3419865D7300CD5D8F /* Foundation.framework */; };
		A1664B5519865D7300CD5D8F /* UIKit.framework in Frameworks */ = {isa = PBXBuildFile; fileRef = A1664B3819865D7300CD5D8F /* UIKit.framework */; };
		A1664B5619865D7300CD5D8F /* CoreData.framework in Frameworks */ = {isa = PBXBuildFile; fileRef = A1664B3A19865D7300CD5D8F /* CoreData.framework */; };
		A1664B5E19865D7300CD5D8F /* InfoPlist.strings in Resources */ = {isa = PBXBuildFile; fileRef = A1664B5C19865D7300CD5D8F /* InfoPlist.strings */; };
		A1664B6019865D7300CD5D8F /* codexTests.m in Sources */ = {isa = PBXBuildFile; fileRef = A1664B5F19865D7300CD5D8F /* codexTests.m */; };
/* End PBXBuildFile section */

/* Begin PBXContainerItemProxy section */
		A1664B5719865D7300CD5D8F /* PBXContainerItemProxy */ = {
			isa = PBXContainerItemProxy;
			containerPortal = A1664B2919865D7300CD5D8F /* Project object */;
			proxyType = 1;
			remoteGlobalIDString = A1664B3019865D7300CD5D8F;
			remoteInfo = codex;
		};
/* End PBXContainerItemProxy section */

/* Begin PBXFileReference section */
		A1664B3119865D7300CD5D8F /* codex.app */ = {isa = PBXFileReference; explicitFileType = wrapper.application; includeInIndex = 0; path = codex.app; sourceTree = BUILT_PRODUCTS_DIR; };
		A1664B3419865D7300CD5D8F /* Foundation.framework */ = {isa = PBXFileReference; lastKnownFileType = wrapper.framework; name = Foundation.framework; path = System/Library/Frameworks/Foundation.framework; sourceTree = SDKROOT; };
		A1664B3619865D7300CD5D8F /* CoreGraphics.framework */ = {isa = PBXFileReference; lastKnownFileType = wrapper.framework; name = CoreGraphics.framework; path = System/Library/Frameworks/CoreGraphics.framework; sourceTree = SDKROOT; };
		A1664B3819865D7300CD5D8F /* UIKit.framework */ = {isa = PBXFileReference; lastKnownFileType = wrapper.framework; name = UIKit.framework; path = System/Library/Frameworks/UIKit.framework; sourceTree = SDKROOT; };
		A1664B3A19865D7300CD5D8F /* CoreData.framework */ = {isa = PBXFileReference; lastKnownFileType = wrapper.framework; name = CoreData.framework; path = System/Library/Frameworks/CoreData.framework; sourceTree = SDKROOT; };
		A1664B3E19865D7300CD5D8F /* codex-Info.plist */ = {isa = PBXFileReference; lastKnownFileType = text.plist.xml; path = "codex-Info.plist"; sourceTree = "<group>"; };
		A1664B4019865D7300CD5D8F /* en */ = {isa = PBXFileReference; lastKnownFileType = text.plist.strings; name = en; path = en.lproj/InfoPlist.strings; sourceTree = "<group>"; };
		A1664B4219865D7300CD5D8F /* main.m */ = {isa = PBXFileReference; lastKnownFileType = sourcecode.c.objc; path = main.m; sourceTree = "<group>"; };
		A1664B4419865D7300CD5D8F /* codex-Prefix.pch */ = {isa = PBXFileReference; lastKnownFileType = sourcecode.c.h; path = "codex-Prefix.pch"; sourceTree = "<group>"; };
		A1664B4519865D7300CD5D8F /* ge_luka_codexAppDelegate.h */ = {isa = PBXFileReference; lastKnownFileType = sourcecode.c.h; path = ge_luka_codexAppDelegate.h; sourceTree = "<group>"; };
		A1664B4619865D7300CD5D8F /* ge_luka_codexAppDelegate.m */ = {isa = PBXFileReference; lastKnownFileType = sourcecode.c.objc; path = ge_luka_codexAppDelegate.m; sourceTree = "<group>"; };
		A1664B4919865D7300CD5D8F /* codex.xcdatamodel */ = {isa = PBXFileReference; lastKnownFileType = wrapper.xcdatamodel; path = codex.xcdatamodel; sourceTree = "<group>"; };
		A1664B4B19865D7300CD5D8F /* Images.xcassets */ = {isa = PBXFileReference; lastKnownFileType = folder.assetcatalog; path = Images.xcassets; sourceTree = "<group>"; };
		A1664B5119865D7300CD5D8F /* codexTests.xctest */ = {isa = PBXFileReference; explicitFileType = wrapper.cfbundle; includeInIndex = 0; path = codexTests.xctest; sourceTree = BUILT_PRODUCTS_DIR; };
		A1664B5219865D7300CD5D8F /* XCTest.framework */ = {isa = PBXFileReference; lastKnownFileType = wrapper.framework; name = XCTest.framework; path = Library/Frameworks/XCTest.framework; sourceTree = DEVELOPER_DIR; };
		A1664B5B19865D7300CD5D8F /* codexTests-Info.plist */ = {isa = PBXFileReference; lastKnownFileType = text.plist.xml; path = "codexTests-Info.plist"; sourceTree = "<group>"; };
		A1664B5D19865D7300CD5D8F /* en */ = {isa = PBXFileReference; lastKnownFileType = text.plist.strings; name = en; path = en.lproj/InfoPlist.strings; sourceTree = "<group>"; };
		A1664B5F19865D7300CD5D8F /* codexTests.m */ = {isa = PBXFileReference; lastKnownFileType = sourcecode.c.objc; path = codexTests.m; sourceTree = "<group>"; };
/* End PBXFileReference section */

/* Begin PBXFrameworksBuildPhase section */
		A1664B2E19865D7300CD5D8F /* Frameworks */ = {
			isa = PBXFrameworksBuildPhase;
			buildActionMask = 2147483647;
			files = (
				A1664B3719865D7300CD5D8F /* CoreGraphics.framework in Frameworks */,
				A1664B3B19865D7300CD5D8F /* CoreData.framework in Frameworks */,
				A1664B3919865D7300CD5D8F /* UIKit.framework in Frameworks */,
				A1664B3519865D7300CD5D8F /* Foundation.framework in Frameworks */,
			);
			runOnlyForDeploymentPostprocessing = 0;
		};
		A1664B4E19865D7300CD5D8F /* Frameworks */ = {
			isa = PBXFrameworksBuildPhase;
			buildActionMask = 2147483647;
			files = (
				A1664B5319865D7300CD5D8F /* XCTest.framework in Frameworks */,
				A1664B5619865D7300CD5D8F /* CoreData.framework in Frameworks */,
				A1664B5519865D7300CD5D8F /* UIKit.framework in Frameworks */,
				A1664B5419865D7300CD5D8F /* Foundation.framework in Frameworks */,
			);
			runOnlyForDeploymentPostprocessing = 0;
		};
/* End PBXFrameworksBuildPhase section */

/* Begin PBXGroup section */
		A1664B2819865D7300CD5D8F = {
			isa = PBXGroup;
			children = (
				A1664B3C19865D7300CD5D8F /* codex */,
				A1664B5919865D7300CD5D8F /* codexTests */,
				A1664B3319865D7300CD5D8F /* Frameworks */,
				A1664B3219865D7300CD5D8F /* Products */,
			);
			sourceTree = "<group>";
		};
		A1664B3219865D7300CD5D8F /* Products */ = {
			isa = PBXGroup;
			children = (
				A1664B3119865D7300CD5D8F /* codex.app */,
				A1664B5119865D7300CD5D8F /* codexTests.xctest */,
			);
			name = Products;
			sourceTree = "<group>";
		};
		A1664B3319865D7300CD5D8F /* Frameworks */ = {
			isa = PBXGroup;
			children = (
				A1664B3419865D7300CD5D8F /* Foundation.framework */,
				A1664B3619865D7300CD5D8F /* CoreGraphics.framework */,
				A1664B3819865D7300CD5D8F /* UIKit.framework */,
				A1664B3A19865D7300CD5D8F /* CoreData.framework */,
				A1664B5219865D7300CD5D8F /* XCTest.framework */,
			);
			name = Frameworks;
			sourceTree = "<group>";
		};
		A1664B3C19865D7300CD5D8F /* codex */ = {
			isa = PBXGroup;
			children = (
				A1664B4519865D7300CD5D8F /* ge_luka_codexAppDelegate.h */,
				A1664B4619865D7300CD5D8F /* ge_luka_codexAppDelegate.m */,
				A1664B4B19865D7300CD5D8F /* Images.xcassets */,
				A1664B4819865D7300CD5D8F /* codex.xcdatamodeld */,
				A1664B3D19865D7300CD5D8F /* Supporting Files */,
			);
			path = codex;
			sourceTree = "<group>";
		};
		A1664B3D19865D7300CD5D8F /* Supporting Files */ = {
			isa = PBXGroup;
			children = (
				A1664B3E19865D7300CD5D8F /* codex-Info.plist */,
				A1664B3F19865D7300CD5D8F /* InfoPlist.strings */,
				A1664B4219865D7300CD5D8F /* main.m */,
				A1664B4419865D7300CD5D8F /* codex-Prefix.pch */,
			);
			name = "Supporting Files";
			sourceTree = "<group>";
		};
		A1664B5919865D7300CD5D8F /* codexTests */ = {
			isa = PBXGroup;
			children = (
				A1664B5F19865D7300CD5D8F /* codexTests.m */,
				A1664B5A19865D7300CD5D8F /* Supporting Files */,
			);
			path = codexTests;
			sourceTree = "<group>";
		};
		A1664B5A19865D7300CD5D8F /* Supporting Files */ = {
			isa = PBXGroup;
			children = (
				A1664B5B19865D7300CD5D8F /* codexTests-Info.plist */,
				A1664B5C19865D7300CD5D8F /* InfoPlist.strings */,
			);
			name = "Supporting Files";
			sourceTree = "<group>";
		};
/* End PBXGroup section */

/* Begin PBXNativeTarget section */
		A1664B3019865D7300CD5D8F /* codex */ = {
			isa = PBXNativeTarget;
			buildConfigurationList = A1664B6319865D7300CD5D8F /* Build configuration list for PBXNativeTarget "codex" */;
			buildPhases = (
				A1664B2D19865D7300CD5D8F /* Sources */,
				A1664B2E19865D7300CD5D8F /* Frameworks */,
				A1664B2F19865D7300CD5D8F /* Resources */,
			);
			buildRules = (
			);
			dependencies = (
			);
			name = codex;
			productName = codex;
			productReference = A1664B3119865D7300CD5D8F /* codex.app */;
			productType = "com.apple.product-type.application";
		};
		A1664B5019865D7300CD5D8F /* codexTests */ = {
			isa = PBXNativeTarget;
			buildConfigurationList = A1664B6619865D7300CD5D8F /* Build configuration list for PBXNativeTarget "codexTests" */;
			buildPhases = (
				A1664B4D19865D7300CD5D8F /* Sources */,
				A1664B4E19865D7300CD5D8F /* Frameworks */,
				A1664B4F19865D7300CD5D8F /* Resources */,
			);
			buildRules = (
			);
			dependencies = (
				A1664B5819865D7300CD5D8F /* PBXTargetDependency */,
			);
			name = codexTests;
			productName = codexTests;
			productReference = A1664B5119865D7300CD5D8F /* codexTests.xctest */;
			productType = "com.apple.product-type.bundle.unit-test";
		};
/* End PBXNativeTarget section */

/* Begin PBXProject section */
		A1664B2919865D7300CD5D8F /* Project object */ = {
			isa = PBXProject;
			attributes = {
				CLASSPREFIX = ge.luka.codex;
				LastUpgradeCheck = 0510;
				ORGANIZATIONNAME = luka;
				TargetAttributes = {
					A1664B5019865D7300CD5D8F = {
						TestTargetID = A1664B3019865D7300CD5D8F;
					};
				};
			};
			buildConfigurationList = A1664B2C19865D7300CD5D8F /* Build configuration list for PBXProject "codex" */;
			compatibilityVersion = "Xcode 3.2";
			developmentRegion = English;
			hasScannedForEncodings = 0;
			knownRegions = (
				en,
			);
			mainGroup = A1664B2819865D7300CD5D8F;
			productRefGroup = A1664B3219865D7300CD5D8F /* Products */;
			projectDirPath = "";
			projectRoot = "";
			targets = (
				A1664B3019865D7300CD5D8F /* codex */,
				A1664B5019865D7300CD5D8F /* codexTests */,
			);
		};
/* End PBXProject section */

/* Begin PBXResourcesBuildPhase section */
		A1664B2F19865D7300CD5D8F /* Resources */ = {
			isa = PBXResourcesBuildPhase;
			buildActionMask = 2147483647;
			files = (
				A1664B4119865D7300CD5D8F /* InfoPlist.strings in Resources */,
				A1664B4C19865D7300CD5D8F /* Images.xcassets in Resources */,
			);
			runOnlyForDeploymentPostprocessing = 0;
		};
		A1664B4F19865D7300CD5D8F /* Resources */ = {
			isa = PBXResourcesBuildPhase;
			buildActionMask = 2147483647;
			files = (
				A1664B5E19865D7300CD5D8F /* InfoPlist.strings in Resources */,
			);
			runOnlyForDeploymentPostprocessing = 0;
		};
/* End PBXResourcesBuildPhase section */

/* Begin PBXSourcesBuildPhase section */
		A1664B2D19865D7300CD5D8F /* Sources */ = {
			isa = PBXSourcesBuildPhase;
			buildActionMask = 2147483647;
			files = (
				A1664B4319865D7300CD5D8F /* main.m in Sources */,
				A1664B4A19865D7300CD5D8F /* codex.xcdatamodeld in Sources */,
				A1664B4719865D7300CD5D8F /* ge_luka_codexAppDelegate.m in Sources */,
			);
			runOnlyForDeploymentPostprocessing = 0;
		};
		A1664B4D19865D7300CD5D8F /* Sources */ = {
			isa = PBXSourcesBuildPhase;
			buildActionMask = 2147483647;
			files = (
				A1664B6019865D7300CD5D8F /* codexTests.m in Sources */,
			);
			runOnlyForDeploymentPostprocessing = 0;
		};
/* End PBXSourcesBuildPhase section */

/* Begin PBXTargetDependency section */
		A1664B5819865D7300CD5D8F /* PBXTargetDependency */ = {
			isa = PBXTargetDependency;
			target = A1664B3019865D7300CD5D8F /* codex */;
			targetProxy = A1664B5719865D7300CD5D8F /* PBXContainerItemProxy */;
		};
/* End PBXTargetDependency section */

/* Begin PBXVariantGroup section */
		A1664B3F19865D7300CD5D8F /* InfoPlist.strings */ = {
			isa = PBXVariantGroup;
			children = (
				A1664B4019865D7300CD5D8F /* en */,
			);
			name = InfoPlist.strings;
			sourceTree = "<group>";
		};
		A1664B5C19865D7300CD5D8F /* InfoPlist.strings */ = {
			isa = PBXVariantGroup;
			children = (
				A1664B5D19865D7300CD5D8F /* en */,
			);
			name = InfoPlist.strings;
			sourceTree = "<group>";
		};
/* End PBXVariantGroup section */

/* Begin XCBuildConfiguration section */
		A1664B6119865D7300CD5D8F /* Debug */ = {
			isa = XCBuildConfiguration;
			buildSettings = {
				ALWAYS_SEARCH_USER_PATHS = NO;
				CLANG_CXX_LANGUAGE_STANDARD = "gnu++0x";
				CLANG_CXX_LIBRARY = "libc++";
				CLANG_ENABLE_MODULES = YES;
				CLANG_ENABLE_OBJC_ARC = YES;
				CLANG_WARN_BOOL_CONVERSION = YES;
				CLANG_WARN_CONSTANT_CONVERSION = YES;
				CLANG_WARN_DIRECT_OBJC_ISA_USAGE = YES_ERROR;
				CLANG_WARN_EMPTY_BODY = YES;
				CLANG_WARN_ENUM_CONVERSION = YES;
				CLANG_WARN_INT_CONVERSION = YES;
				CLANG_WARN_OBJC_ROOT_CLASS = YES_ERROR;
				CLANG_WARN__DUPLICATE_METHOD_MATCH = YES;
				"CODE_SIGN_IDENTITY[sdk=iphoneos*]" = "iPhone Developer";
				COPY_PHASE_STRIP = NO;
				GCC_C_LANGUAGE_STANDARD = gnu99;
				GCC_DYNAMIC_NO_PIC = NO;
				GCC_OPTIMIZATION_LEVEL = 0;
				GCC_PREPROCESSOR_DEFINITIONS = (
					"DEBUG=1",
					"$(inherited)",
				);
				GCC_SYMBOLS_PRIVATE_EXTERN = NO;
				GCC_WARN_64_TO_32_BIT_CONVERSION = YES;
				GCC_WARN_ABOUT_RETURN_TYPE = YES_ERROR;
				GCC_WARN_UNDECLARED_SELECTOR = YES;
				GCC_WARN_UNINITIALIZED_AUTOS = YES_AGGRESSIVE;
				GCC_WARN_UNUSED_FUNCTION = YES;
				GCC_WARN_UNUSED_VARIABLE = YES;
				IPHONEOS_DEPLOYMENT_TARGET = 7.1;
				ONLY_ACTIVE_ARCH = YES;
				SDKROOT = iphoneos;
				TARGETED_DEVICE_FAMILY = "1,2";
			};
			name = Debug;
		};
		A1664B6219865D7300CD5D8F /* Release */ = {
			isa = XCBuildConfiguration;
			buildSettings = {
				ALWAYS_SEARCH_USER_PATHS = NO;
				CLANG_CXX_LANGUAGE_STANDARD = "gnu++0x";
				CLANG_CXX_LIBRARY = "libc++";
				CLANG_ENABLE_MODULES = YES;
				CLANG_ENABLE_OBJC_ARC = YES;
				CLANG_WARN_BOOL_CONVERSION = YES;
				CLANG_WARN_CONSTANT_CONVERSION = YES;
				CLANG_WARN_DIRECT_OBJC_ISA_USAGE = YES_ERROR;
				CLANG_WARN_EMPTY_BODY = YES;
				CLANG_WARN_ENUM_CONVERSION = YES;
				CLANG_WARN_INT_CONVERSION = YES;
				CLANG_WARN_OBJC_ROOT_CLASS = YES_ERROR;
				CLANG_WARN__DUPLICATE_METHOD_MATCH = YES;
				"CODE_SIGN_IDENTITY[sdk=iphoneos*]" = "iPhone Developer";
				COPY_PHASE_STRIP = YES;
				ENABLE_NS_ASSERTIONS = NO;
				GCC_C_LANGUAGE_STANDARD = gnu99;
				GCC_WARN_64_TO_32_BIT_CONVERSION = YES;
				GCC_WARN_ABOUT_RETURN_TYPE = YES_ERROR;
				GCC_WARN_UNDECLARED_SELECTOR = YES;
				GCC_WARN_UNINITIALIZED_AUTOS = YES_AGGRESSIVE;
				GCC_WARN_UNUSED_FUNCTION = YES;
				GCC_WARN_UNUSED_VARIABLE = YES;
				IPHONEOS_DEPLOYMENT_TARGET = 7.1;
				SDKROOT = iphoneos;
				TARGETED_DEVICE_FAMILY = "1,2";
				VALIDATE_PRODUCT = YES;
			};
			name = Release;
		};
		A1664B6419865D7300CD5D8F /* Debug */ = {
			isa = XCBuildConfiguration;
			buildSettings = {
				ASSETCATALOG_COMPILER_APPICON_NAME = AppIcon;
				ASSETCATALOG_COMPILER_LAUNCHIMAGE_NAME = LaunchImage;
				GCC_PRECOMPILE_PREFIX_HEADER = YES;
				GCC_PREFIX_HEADER = "codex/codex-Prefix.pch";
				INFOPLIST_FILE = "codex/codex-Info.plist";
				PRODUCT_NAME = "$(TARGET_NAME)";
				WRAPPER_EXTENSION = app;
			};
			name = Debug;
		};
		A1664B6519865D7300CD5D8F /* Release */ = {
			isa = XCBuildConfiguration;
			buildSettings = {
				ASSETCATALOG_COMPILER_APPICON_NAME = AppIcon;
				ASSETCATALOG_COMPILER_LAUNCHIMAGE_NAME = LaunchImage;
				GCC_PRECOMPILE_PREFIX_HEADER = YES;
				GCC_PREFIX_HEADER = "codex/codex-Prefix.pch";
				INFOPLIST_FILE = "codex/codex-Info.plist";
				PRODUCT_NAME = "$(TARGET_NAME)";
				WRAPPER_EXTENSION = app;
			};
			name = Release;
		};
		A1664B6719865D7300CD5D8F /* Debug */ = {
			isa = XCBuildConfiguration;
			buildSettings = {
				BUNDLE_LOADER = "$(BUILT_PRODUCTS_DIR)/codex.app/codex";
				FRAMEWORK_SEARCH_PATHS = (
					"$(SDKROOT)/Developer/Library/Frameworks",
					"$(inherited)",
					"$(DEVELOPER_FRAMEWORKS_DIR)",
				);
				GCC_PRECOMPILE_PREFIX_HEADER = YES;
				GCC_PREFIX_HEADER = "codex/codex-Prefix.pch";
				GCC_PREPROCESSOR_DEFINITIONS = (
					"DEBUG=1",
					"$(inherited)",
				);
				INFOPLIST_FILE = "codexTests/codexTests-Info.plist";
				PRODUCT_NAME = "$(TARGET_NAME)";
				TEST_HOST = "$(BUNDLE_LOADER)";
				WRAPPER_EXTENSION = xctest;
			};
			name = Debug;
		};
		A1664B6819865D7300CD5D8F /* Release */ = {
			isa = XCBuildConfiguration;
			buildSettings = {
				BUNDLE_LOADER = "$(BUILT_PRODUCTS_DIR)/codex.app/codex";
				FRAMEWORK_SEARCH_PATHS = (
					"$(SDKROOT)/Developer/Library/Frameworks",
					"$(inherited)",
					"$(DEVELOPER_FRAMEWORKS_DIR)",
				);
				GCC_PRECOMPILE_PREFIX_HEADER = YES;
				GCC_PREFIX_HEADER = "codex/codex-Prefix.pch";
				INFOPLIST_FILE = "codexTests/codexTests-Info.plist";
				PRODUCT_NAME = "$(TARGET_NAME)";
				TEST_HOST = "$(BUNDLE_LOADER)";
				WRAPPER_EXTENSION = xctest;
			};
			name = Release;
		};
/* End XCBuildConfiguration section */

/* Begin XCConfigurationList section */
		A1664B2C19865D7300CD5D8F /* Build configuration list for PBXProject "codex" */ = {
			isa = XCConfigurationList;
			buildConfigurations = (
				A1664B6119865D7300CD5D8F /* Debug */,
				A1664B6219865D7300CD5D8F /* Release */,
			);
			defaultConfigurationIsVisible = 0;
			defaultConfigurationName = Release;
		};
		A1664B6319865D7300CD5D8F /* Build configuration list for PBXNativeTarget "codex" */ = {
			isa = XCConfigurationList;
			buildConfigurations = (
				A1664B6419865D7300CD5D8F /* Debug */,
				A1664B6519865D7300CD5D8F /* Release */,
			);
			defaultConfigurationIsVisible = 0;
		};
		A1664B6619865D7300CD5D8F /* Build configuration list for PBXNativeTarget "codexTests" */ = {
			isa = XCConfigurationList;
			buildConfigurations = (
				A1664B6719865D7300CD5D8F /* Debug */,
				A1664B6819865D7300CD5D8F /* Release */,
			);
			defaultConfigurationIsVisible = 0;
		};
/* End XCConfigurationList section */

/* Begin XCVersionGroup section */
		A1664B4819865D7300CD5D8F /* codex.xcdatamodeld */ = {
			isa = XCVersionGroup;
			children = (
				A1664B4919865D7300CD5D8F /* codex.xcdatamodel */,
			);
			currentVersion = A1664B4919865D7300CD5D8F /* codex.xcdatamodel */;
			path = codex.xcdatamodeld;
			sourceTree = "<group>";
			versionGroupType = wrapper.xcdatamodel;
		};
/* End XCVersionGroup section */
	};
	rootObject = A1664B2919865D7300CD5D8F /* Project object */;
}
